
Microsoft Visual Studio Solution File, Format Version 12.00
# Visual Studio 15
VisualStudioVersion = 15.0.27703.1
MinimumVisualStudioVersion = 10.0.40219.1
Project("{FAE04EC0-301F-11D3-BF4B-00C04F79EFBC}") = "A1GurpreetKhokher", "A1GurpreetKhokher\A1GurpreetKhokher.csproj", "{3FA91989-1E03-4402-98AA-F01F6C480BF6}"
EndProject
Global
	GlobalSection(SolutionConfigurationPlatforms) = preSolution
		Debug|Any CPU = Debug|Any CPU
		Release|Any CPU = Release|Any CPU
	EndGlobalSection
	GlobalSection(ProjectConfigurationPlatforms) = postSolution
		{3FA91989-1E03-4402-98AA-F01F6C480BF6}.Debug|Any CPU.ActiveCfg = Debug|Any CPU
		{3FA91989-1E03-4402-98AA-F01F6C480BF6}.Debug|Any CPU.Build.0 = Debug|Any CPU
		{3FA91989-1E03-4402-98AA-F01F6C480BF6}.Release|Any CPU.ActiveCfg = Release|Any CPU
		{3FA91989-1E03-4402-98AA-F01F6C480BF6}.Release|Any CPU.Build.0 = Release|Any CPU
	EndGlobalSection
	GlobalSection(SolutionProperties) = preSolution
		HideSolutionNode = FALSE
	EndGlobalSection
	GlobalSection(ExtensibilityGlobals) = postSolution
		SolutionGuid = {A280DE98-C6FD-4ABC-8534-ACE64FBF96C2}
	EndGlobalSection
EndGlobal
